
Microsoft Visual Studio Solution File, Format Version 12.00
# Visual Studio Version 17
VisualStudioVersion = 17.2.32516.85
MinimumVisualStudioVersion = 10.0.40219.1
Project("{FAE04EC0-301F-11D3-BF4B-00C04F79EFBC}") = "LeetCode", "LeetCode\LeetCode.csproj", "{02596812-02BC-4784-BDF3-37D7455AF624}"
EndProject
Project("{FAE04EC0-301F-11D3-BF4B-00C04F79EFBC}") = "Collections", "Collections\Collections.csproj", "{4BD1FE5D-FBCF-483A-ADCC-0D4CAEA060F3}"
EndProject
Global
	GlobalSection(SolutionConfigurationPlatforms) = preSolution
		Debug|Any CPU = Debug|Any CPU
		Release|Any CPU = Release|Any CPU
	EndGlobalSection
	GlobalSection(ProjectConfigurationPlatforms) = postSolution
		{02596812-02BC-4784-BDF3-37D7455AF624}.Debug|Any CPU.ActiveCfg = Debug|Any CPU
		{02596812-02BC-4784-BDF3-37D7455AF624}.Debug|Any CPU.Build.0 = Debug|Any CPU
		{02596812-02BC-4784-BDF3-37D7455AF624}.Release|Any CPU.ActiveCfg = Release|Any CPU
		{02596812-02BC-4784-BDF3-37D7455AF624}.Release|Any CPU.Build.0 = Release|Any CPU
		{4BD1FE5D-FBCF-483A-ADCC-0D4CAEA060F3}.Debug|Any CPU.ActiveCfg = Debug|Any CPU
		{4BD1FE5D-FBCF-483A-ADCC-0D4CAEA060F3}.Debug|Any CPU.Build.0 = Debug|Any CPU
		{4BD1FE5D-FBCF-483A-ADCC-0D4CAEA060F3}.Release|Any CPU.ActiveCfg = Release|Any CPU
		{4BD1FE5D-FBCF-483A-ADCC-0D4CAEA060F3}.Release|Any CPU.Build.0 = Release|Any CPU
	EndGlobalSection
	GlobalSection(SolutionProperties) = preSolution
		HideSolutionNode = FALSE
	EndGlobalSection
	GlobalSection(ExtensibilityGlobals) = postSolution
		SolutionGuid = {B68E571F-A898-4BFE-B483-F3C456AC8D5D}
	EndGlobalSection
EndGlobal
